// !$*UTF8*$!
{
	archiveVersion = 1;
	classes = {
	};
	objectVersion = 90;
	objects = {

/* Begin PBXBuildFile section */
		9D5BF70C2DB0988E00FDE345 /* GoogleService-Info.plist in Resources */ = {isa = PBXBuildFile; fileRef = 9D5BF70B2DB0988E00FDE345 /* GoogleService-Info.plist */; };
		9D5BF70F2DB0996D00FDE345 /* FirebaseAppCheck in Frameworks */ = {isa = PBXBuildFile; productRef = 9D5BF70E2DB0996D00FDE345 /* FirebaseAppCheck */; };
		9D5BF7112DB0996D00FDE345 /* FirebaseAppDistribution-Beta in Frameworks */ = {isa = PBXBuildFile; productRef = 9D5BF7102DB0996D00FDE345 /* FirebaseAppDistribution-Beta */; };
		9D5BF7132DB0996D00FDE345 /* FirebaseAuth in Frameworks */ = {isa = PBXBuildFile; productRef = 9D5BF7122DB0996D00FDE345 /* FirebaseAuth */; };
		9D5BF7152DB0996D00FDE345 /* FirebaseAuthCombine-Community in Frameworks */ = {isa = PBXBuildFile; productRef = 9D5BF7142DB0996D00FDE345 /* FirebaseAuthCombine-Community */; };
		9D5BF7172DB0996D00FDE345 /* FirebaseCore in Frameworks */ = {isa = PBXBuildFile; productRef = 9D5BF7162DB0996D00FDE345 /* FirebaseCore */; };
		9D5BF7192DB0996D00FDE345 /* FirebaseDatabase in Frameworks */ = {isa = PBXBuildFile; productRef = 9D5BF7182DB0996D00FDE345 /* FirebaseDatabase */; };
		9D5BF71B2DB0996D00FDE345 /* FirebaseFirestore in Frameworks */ = {isa = PBXBuildFile; productRef = 9D5BF71A2DB0996D00FDE345 /* FirebaseFirestore */; };
		9D5BF71D2DB0996D00FDE345 /* FirebaseFirestoreCombine-Community in Frameworks */ = {isa = PBXBuildFile; productRef = 9D5BF71C2DB0996D00FDE345 /* FirebaseFirestoreCombine-Community */; };
		9D5BF71F2DB0996D00FDE345 /* FirebaseStorage in Frameworks */ = {isa = PBXBuildFile; productRef = 9D5BF71E2DB0996D00FDE345 /* FirebaseStorage */; };
		9D5BF7212DB0996D00FDE345 /* FirebaseStorageCombine-Community in Frameworks */ = {isa = PBXBuildFile; productRef = 9D5BF7202DB0996D00FDE345 /* FirebaseStorageCombine-Community */; };
		9D6434FC2DD373F900B56580 /* ThemeKit in Frameworks */ = {isa = PBXBuildFile; productRef = 9D6434FB2DD373F900B56580 /* ThemeKit */; };
		9D77CEE12DC516D400F2B74F /* ThemeKit in Frameworks */ = {isa = PBXBuildFile; productRef = 9D77CEE02DC516D400F2B74F /* ThemeKit */; };
		9DF64AEE2D9D08FB00B1857D /* AppDelegate.swift in Sources */ = {isa = PBXBuildFile; fileRef = 9DF64AED2D9D08FB00B1857D /* AppDelegate.swift */; };
		9DF64AF02D9D08FB00B1857D /* SceneDelegate.swift in Sources */ = {isa = PBXBuildFile; fileRef = 9DF64AEF2D9D08FB00B1857D /* SceneDelegate.swift */; };
		9DF64AF72D9D08FE00B1857D /* Assets.xcassets in Resources */ = {isa = PBXBuildFile; fileRef = 9DF64AF62D9D08FE00B1857D /* Assets.xcassets */; };
		9DF64AFA2D9D08FE00B1857D /* LaunchScreen.storyboard in Resources */ = {isa = PBXBuildFile; fileRef = 9DF64AF82D9D08FE00B1857D /* LaunchScreen.storyboard */; };
		9DF64B082D9D10E000B1857D /* Polygon 2.png in Resources */ = {isa = PBXBuildFile; fileRef = 9DF64B062D9D10E000B1857D /* Polygon 2.png */; };
		9DF64B092D9D10E000B1857D /* Polygon 1.png in Resources */ = {isa = PBXBuildFile; fileRef = 9DF64B072D9D10E000B1857D /* Polygon 1.png */; };
		9DF64B0E2D9D111500B1857D /* Logo Background.png in Resources */ = {isa = PBXBuildFile; fileRef = 9DF64B102D9D111500B1857D /* Logo Background.png */; };
		9DF64B112D9D111C00B1857D /* Logo.png in Resources */ = {isa = PBXBuildFile; fileRef = 9DF64B132D9D111C00B1857D /* Logo.png */; };
		9DF64B182D9D175500B1857D /* Main.storyboard in Resources */ = {isa = PBXBuildFile; fileRef = 9DF64B162D9D175500B1857D /* Main.storyboard */; };
/* End PBXBuildFile section */

/* Begin PBXFileReference section */
		9D5BF70B2DB0988E00FDE345 /* GoogleService-Info.plist */ = {isa = PBXFileReference; lastKnownFileType = text.plist.xml; path = "GoogleService-Info.plist"; sourceTree = "<group>"; };
		9DF64AEA2D9D08FB00B1857D /* DigiDiary.app */ = {isa = PBXFileReference; explicitFileType = wrapper.application; includeInIndex = 0; path = DigiDiary.app; sourceTree = BUILT_PRODUCTS_DIR; };
		9DF64AED2D9D08FB00B1857D /* AppDelegate.swift */ = {isa = PBXFileReference; lastKnownFileType = sourcecode.swift; path = AppDelegate.swift; sourceTree = "<group>"; };
		9DF64AEF2D9D08FB00B1857D /* SceneDelegate.swift */ = {isa = PBXFileReference; lastKnownFileType = sourcecode.swift; path = SceneDelegate.swift; sourceTree = "<group>"; };
		9DF64AF62D9D08FE00B1857D /* Assets.xcassets */ = {isa = PBXFileReference; lastKnownFileType = folder.assetcatalog; path = Assets.xcassets; sourceTree = "<group>"; };
		9DF64AF92D9D08FE00B1857D /* Base */ = {isa = PBXFileReference; lastKnownFileType = file.storyboard; name = Base; path = Base.lproj/LaunchScreen.storyboard; sourceTree = "<group>"; };
		9DF64AFB2D9D08FF00B1857D /* Info.plist */ = {isa = PBXFileReference; lastKnownFileType = text.plist.xml; path = Info.plist; sourceTree = "<group>"; };
		9DF64B062D9D10E000B1857D /* Polygon 2.png */ = {isa = PBXFileReference; lastKnownFileType = image.png; name = "Polygon 2.png"; path = "DigiDiary/Assests/Background_assest/Polygon 2.png"; sourceTree = SOURCE_ROOT; };
		9DF64B072D9D10E000B1857D /* Polygon 1.png */ = {isa = PBXFileReference; lastKnownFileType = image.png; name = "Polygon 1.png"; path = "DigiDiary/Assests/Background_assest/Polygon 1.png"; sourceTree = SOURCE_ROOT; };
		9DF64B0F2D9D111500B1857D /* Base */ = {isa = PBXFileReference; lastKnownFileType = image.png; name = Base; path = "Base.lproj/Logo Background.png"; sourceTree = "<group>"; };
		9DF64B122D9D111C00B1857D /* Base */ = {isa = PBXFileReference; lastKnownFileType = image.png; name = Base; path = Base.lproj/Logo.png; sourceTree = "<group>"; };
		9DF64B172D9D175500B1857D /* Base */ = {isa = PBXFileReference; lastKnownFileType = file.storyboard; name = Base; path = Base.lproj/Main.storyboard; sourceTree = "<group>"; };
/* End PBXFileReference section */

/* Begin PBXFileSystemSynchronizedRootGroup section */
		9D7A937B2DB576230082D527 /* Models */ = {
			isa = PBXFileSystemSynchronizedRootGroup;
			path = Models;
			sourceTree = "<group>";
		};
		9D81E9442DB9F749003D708C /* TableVCs */ = {
			isa = PBXFileSystemSynchronizedRootGroup;
			path = TableVCs;
			sourceTree = "<group>";
		};
		9D81E94B2DB9FE47003D708C /* Repository */ = {
			isa = PBXFileSystemSynchronizedRootGroup;
			path = Repository;
			sourceTree = "<group>";
		};
		9D81E94F2DBC71C1003D708C /* Extensions */ = {
			isa = PBXFileSystemSynchronizedRootGroup;
			path = Extensions;
			sourceTree = "<group>";
		};
		9D88A5D02DB80D5F00142CE8 /* TableCell */ = {
			isa = PBXFileSystemSynchronizedRootGroup;
			path = TableCell;
			sourceTree = "<group>";
		};
		9DC61F112DA8BB5A0059A2C8 /* UIKit */ = {
			isa = PBXFileSystemSynchronizedRootGroup;
			path = UIKit;
			sourceTree = "<group>";
		};
		9DDA78562DA60AFB00E7F001 /* Screens */ = {
			isa = PBXFileSystemSynchronizedRootGroup;
			path = Screens;
			sourceTree = "<group>";
		};
/* End PBXFileSystemSynchronizedRootGroup section */

/* Begin PBXFrameworksBuildPhase section */
		9DF64AE72D9D08FB00B1857D /* Frameworks */ = {
			isa = PBXFrameworksBuildPhase;
			files = (
				9D5BF7192DB0996D00FDE345 /* FirebaseDatabase in Frameworks */,
				9D5BF71D2DB0996D00FDE345 /* FirebaseFirestoreCombine-Community in Frameworks */,
				9D5BF7212DB0996D00FDE345 /* FirebaseStorageCombine-Community in Frameworks */,
				9D5BF71F2DB0996D00FDE345 /* FirebaseStorage in Frameworks */,
				9D5BF70F2DB0996D00FDE345 /* FirebaseAppCheck in Frameworks */,
				9D5BF7172DB0996D00FDE345 /* FirebaseCore in Frameworks */,
				9D5BF7132DB0996D00FDE345 /* FirebaseAuth in Frameworks */,
				9D5BF7112DB0996D00FDE345 /* FirebaseAppDistribution-Beta in Frameworks */,
				9D77CEE12DC516D400F2B74F /* ThemeKit in Frameworks */,
				9D5BF7152DB0996D00FDE345 /* FirebaseAuthCombine-Community in Frameworks */,
				9D5BF71B2DB0996D00FDE345 /* FirebaseFirestore in Frameworks */,
				9D6434FC2DD373F900B56580 /* ThemeKit in Frameworks */,
			);
		};
/* End PBXFrameworksBuildPhase section */

/* Begin PBXGroup section */
		9DF64AE12D9D08FB00B1857D = {
			isa = PBXGroup;
			children = (
				9DF64AEC2D9D08FB00B1857D /* DigiDiary */,
				9DF64AEB2D9D08FB00B1857D /* Products */,
			);
			sourceTree = "<group>";
		};
		9DF64AEB2D9D08FB00B1857D /* Products */ = {
			isa = PBXGroup;
			children = (
				9DF64AEA2D9D08FB00B1857D /* DigiDiary.app */,
			);
			name = Products;
			sourceTree = "<group>";
		};
		9DF64AEC2D9D08FB00B1857D /* DigiDiary */ = {
			isa = PBXGroup;
			children = (
				9D81E94F2DBC71C1003D708C /* Extensions */,
				9D81E94B2DB9FE47003D708C /* Repository */,
				9D81E9442DB9F749003D708C /* TableVCs */,
				9D88A5D02DB80D5F00142CE8 /* TableCell */,
				9D7A937B2DB576230082D527 /* Models */,
				9DDA78562DA60AFB00E7F001 /* Screens */,
				9DF64B012D9D0D4B00B1857D /* Assests */,
				9DF64AED2D9D08FB00B1857D /* AppDelegate.swift */,
				9DF64AEF2D9D08FB00B1857D /* SceneDelegate.swift */,
				9DF64B162D9D175500B1857D /* Main.storyboard */,
				9DF64AF62D9D08FE00B1857D /* Assets.xcassets */,
				9DF64AF82D9D08FE00B1857D /* LaunchScreen.storyboard */,
				9DF64AFB2D9D08FF00B1857D /* Info.plist */,
				9D5BF70B2DB0988E00FDE345 /* GoogleService-Info.plist */,
			);
			path = DigiDiary;
			sourceTree = "<group>";
		};
		9DF64B012D9D0D4B00B1857D /* Assests */ = {
			isa = PBXGroup;
			children = (
				9DC61F112DA8BB5A0059A2C8 /* UIKit */,
				9DF64B052D9D106C00B1857D /* BackgroundAssest */,
				9DF64B022D9D0D8A00B1857D /* Icons */,
			);
			path = Assests;
			sourceTree = "<group>";
		};
		9DF64B022D9D0D8A00B1857D /* Icons */ = {
			isa = PBXGroup;
			children = (
				9DF64B102D9D111500B1857D /* Logo Background.png */,
				9DF64B132D9D111C00B1857D /* Logo.png */,
			);
			path = Icons;
			sourceTree = "<group>";
		};
		9DF64B052D9D106C00B1857D /* BackgroundAssest */ = {
			isa = PBXGroup;
			children = (
				9DF64B072D9D10E000B1857D /* Polygon 1.png */,
				9DF64B062D9D10E000B1857D /* Polygon 2.png */,
			);
			path = BackgroundAssest;
			sourceTree = "<group>";
		};
/* End PBXGroup section */

/* Begin PBXNativeTarget section */
		9DF64AE92D9D08FB00B1857D /* DigiDiary */ = {
			isa = PBXNativeTarget;
			buildConfigurationList = 9DF64AFE2D9D08FF00B1857D /* Build configuration list for PBXNativeTarget "DigiDiary" */;
			buildPhases = (
				9DF64AE62D9D08FB00B1857D /* Sources */,
				9DF64AE72D9D08FB00B1857D /* Frameworks */,
				9DF64AE82D9D08FB00B1857D /* Resources */,
			);
			buildRules = (
			);
			fileSystemSynchronizedGroups = (
				9D7A937B2DB576230082D527 /* Models */,
				9D81E9442DB9F749003D708C /* TableVCs */,
				9D81E94B2DB9FE47003D708C /* Repository */,
				9D81E94F2DBC71C1003D708C /* Extensions */,
				9D88A5D02DB80D5F00142CE8 /* TableCell */,
				9DC61F112DA8BB5A0059A2C8 /* UIKit */,
				9DDA78562DA60AFB00E7F001 /* Screens */,
			);
			name = DigiDiary;
			packageProductDependencies = (
				9D5BF70E2DB0996D00FDE345 /* FirebaseAppCheck */,
				9D5BF7102DB0996D00FDE345 /* FirebaseAppDistribution-Beta */,
				9D5BF7122DB0996D00FDE345 /* FirebaseAuth */,
				9D5BF7142DB0996D00FDE345 /* FirebaseAuthCombine-Community */,
				9D5BF7162DB0996D00FDE345 /* FirebaseCore */,
				9D5BF7182DB0996D00FDE345 /* FirebaseDatabase */,
				9D5BF71A2DB0996D00FDE345 /* FirebaseFirestore */,
				9D5BF71C2DB0996D00FDE345 /* FirebaseFirestoreCombine-Community */,
				9D5BF71E2DB0996D00FDE345 /* FirebaseStorage */,
				9D5BF7202DB0996D00FDE345 /* FirebaseStorageCombine-Community */,
				9D77CEE02DC516D400F2B74F /* ThemeKit */,
				9D6434FB2DD373F900B56580 /* ThemeKit */,
			);
			productName = DigiDiary;
			productReference = 9DF64AEA2D9D08FB00B1857D /* DigiDiary.app */;
			productType = "com.apple.product-type.application";
		};
/* End PBXNativeTarget section */

/* Begin PBXProject section */
		9DF64AE22D9D08FB00B1857D /* Project object */ = {
			isa = PBXProject;
			attributes = {
				BuildIndependentTargetsInParallel = 1;
				LastSwiftUpdateCheck = 1420;
				LastUpgradeCheck = 1630;
				TargetAttributes = {
					9DF64AE92D9D08FB00B1857D = {
						CreatedOnToolsVersion = 14.2;
					};
				};
			};
			buildConfigurationList = 9DF64AE52D9D08FB00B1857D /* Build configuration list for PBXProject "DigiDiary" */;
			developmentRegion = en;
			hasScannedForEncodings = 0;
			knownRegions = (
				en,
				Base,
			);
			mainGroup = 9DF64AE12D9D08FB00B1857D;
			packageReferences = (
				9D5BF70D2DB0996D00FDE345 /* XCRemoteSwiftPackageReference "firebase-ios-sdk" */,
				9D6434FA2DD373F900B56580 /* XCLocalSwiftPackageReference "../../Downloads/CreatingACardView/StartingProject/TutorialResources/ThemeKit" */,
			);
			preferredProjectObjectVersion = 90;
			productRefGroup = 9DF64AEB2D9D08FB00B1857D /* Products */;
			projectDirPath = "";
			projectRoot = "";
			targets = (
				9DF64AE92D9D08FB00B1857D /* DigiDiary */,
			);
		};
/* End PBXProject section */

/* Begin PBXResourcesBuildPhase section */
		9DF64AE82D9D08FB00B1857D /* Resources */ = {
			isa = PBXResourcesBuildPhase;
			files = (
				9D5BF70C2DB0988E00FDE345 /* GoogleService-Info.plist in Resources */,
				9DF64B182D9D175500B1857D /* Main.storyboard in Resources */,
				9DF64B112D9D111C00B1857D /* Logo.png in Resources */,
				9DF64AFA2D9D08FE00B1857D /* LaunchScreen.storyboard in Resources */,
				9DF64AF72D9D08FE00B1857D /* Assets.xcassets in Resources */,
				9DF64B082D9D10E000B1857D /* Polygon 2.png in Resources */,
				9DF64B0E2D9D111500B1857D /* Logo Background.png in Resources */,
				9DF64B092D9D10E000B1857D /* Polygon 1.png in Resources */,
			);
		};
/* End PBXResourcesBuildPhase section */

/* Begin PBXSourcesBuildPhase section */
		9DF64AE62D9D08FB00B1857D /* Sources */ = {
			isa = PBXSourcesBuildPhase;
			files = (
				9DF64AEE2D9D08FB00B1857D /* AppDelegate.swift in Sources */,
				9DF64AF02D9D08FB00B1857D /* SceneDelegate.swift in Sources */,
			);
		};
/* End PBXSourcesBuildPhase section */

/* Begin PBXVariantGroup section */
		9DF64AF82D9D08FE00B1857D /* LaunchScreen.storyboard */ = {
			isa = PBXVariantGroup;
			children = (
				9DF64AF92D9D08FE00B1857D /* Base */,
			);
			name = LaunchScreen.storyboard;
			sourceTree = "<group>";
		};
		9DF64B102D9D111500B1857D /* Logo Background.png */ = {
			isa = PBXVariantGroup;
			children = (
				9DF64B0F2D9D111500B1857D /* Base */,
			);
			name = "Logo Background.png";
			sourceTree = "<group>";
		};
		9DF64B132D9D111C00B1857D /* Logo.png */ = {
			isa = PBXVariantGroup;
			children = (
				9DF64B122D9D111C00B1857D /* Base */,
			);
			name = Logo.png;
			sourceTree = "<group>";
		};
		9DF64B162D9D175500B1857D /* Main.storyboard */ = {
			isa = PBXVariantGroup;
			children = (
				9DF64B172D9D175500B1857D /* Base */,
			);
			name = Main.storyboard;
			sourceTree = "<group>";
		};
/* End PBXVariantGroup section */

/* Begin XCBuildConfiguration section */
		9DF64AFC2D9D08FF00B1857D /* Debug configuration for PBXProject "DigiDiary" */ = {
			isa = XCBuildConfiguration;
			buildSettings = {
				ALWAYS_SEARCH_USER_PATHS = NO;
				CLANG_ANALYZER_NONNULL = YES;
				CLANG_ANALYZER_NUMBER_OBJECT_CONVERSION = YES_AGGRESSIVE;
				CLANG_CXX_LANGUAGE_STANDARD = "gnu++20";
				CLANG_ENABLE_MODULES = YES;
				CLANG_ENABLE_OBJC_ARC = YES;
				CLANG_ENABLE_OBJC_WEAK = YES;
				CLANG_WARN_BLOCK_CAPTURE_AUTORELEASING = YES;
				CLANG_WARN_BOOL_CONVERSION = YES;
				CLANG_WARN_COMMA = YES;
				CLANG_WARN_CONSTANT_CONVERSION = YES;
				CLANG_WARN_DEPRECATED_OBJC_IMPLEMENTATIONS = YES;
				CLANG_WARN_DIRECT_OBJC_ISA_USAGE = YES_ERROR;
				CLANG_WARN_DOCUMENTATION_COMMENTS = YES;
				CLANG_WARN_EMPTY_BODY = YES;
				CLANG_WARN_ENUM_CONVERSION = YES;
				CLANG_WARN_INFINITE_RECURSION = YES;
				CLANG_WARN_INT_CONVERSION = YES;
				CLANG_WARN_NON_LITERAL_NULL_CONVERSION = YES;
				CLANG_WARN_OBJC_IMPLICIT_RETAIN_SELF = YES;
				CLANG_WARN_OBJC_LITERAL_CONVERSION = YES;
				CLANG_WARN_OBJC_ROOT_CLASS = YES_ERROR;
				CLANG_WARN_QUOTED_INCLUDE_IN_FRAMEWORK_HEADER = YES;
				CLANG_WARN_RANGE_LOOP_ANALYSIS = YES;
				CLANG_WARN_STRICT_PROTOTYPES = YES;
				CLANG_WARN_SUSPICIOUS_MOVE = YES;
				CLANG_WARN_UNGUARDED_AVAILABILITY = YES_AGGRESSIVE;
				CLANG_WARN_UNREACHABLE_CODE = YES;
				CLANG_WARN__DUPLICATE_METHOD_MATCH = YES;
				COPY_PHASE_STRIP = NO;
				DEBUG_INFORMATION_FORMAT = dwarf;
				DEVELOPMENT_TEAM = L65484BGRJ;
				ENABLE_STRICT_OBJC_MSGSEND = YES;
				ENABLE_TESTABILITY = YES;
				ENABLE_USER_SCRIPT_SANDBOXING = YES;
				GCC_C_LANGUAGE_STANDARD = gnu11;
				GCC_DYNAMIC_NO_PIC = NO;
				GCC_NO_COMMON_BLOCKS = YES;
				GCC_OPTIMIZATION_LEVEL = 0;
				GCC_PREPROCESSOR_DEFINITIONS = (
					"DEBUG=1",
					"$(inherited)",
				);
				GCC_WARN_64_TO_32_BIT_CONVERSION = YES;
				GCC_WARN_ABOUT_RETURN_TYPE = YES_ERROR;
				GCC_WARN_UNDECLARED_SELECTOR = YES;
				GCC_WARN_UNINITIALIZED_AUTOS = YES_AGGRESSIVE;
				GCC_WARN_UNUSED_FUNCTION = YES;
				GCC_WARN_UNUSED_VARIABLE = YES;
				IPHONEOS_DEPLOYMENT_TARGET = 15.6;
				MTL_ENABLE_DEBUG_INFO = INCLUDE_SOURCE;
				MTL_FAST_MATH = YES;
				ONLY_ACTIVE_ARCH = YES;
				SDKROOT = iphoneos;
				SWIFT_ACTIVE_COMPILATION_CONDITIONS = DEBUG;
				SWIFT_OPTIMIZATION_LEVEL = "-Onone";
			};
			name = Debug;
		};
		9DF64AFD2D9D08FF00B1857D /* Release configuration for PBXProject "DigiDiary" */ = {
			isa = XCBuildConfiguration;
			buildSettings = {
				ALWAYS_SEARCH_USER_PATHS = NO;
				CLANG_ANALYZER_NONNULL = YES;
				CLANG_ANALYZER_NUMBER_OBJECT_CONVERSION = YES_AGGRESSIVE;
				CLANG_CXX_LANGUAGE_STANDARD = "gnu++20";
				CLANG_ENABLE_MODULES = YES;
				CLANG_ENABLE_OBJC_ARC = YES;
				CLANG_ENABLE_OBJC_WEAK = YES;
				CLANG_WARN_BLOCK_CAPTURE_AUTORELEASING = YES;
				CLANG_WARN_BOOL_CONVERSION = YES;
				CLANG_WARN_COMMA = YES;
				CLANG_WARN_CONSTANT_CONVERSION = YES;
				CLANG_WARN_DEPRECATED_OBJC_IMPLEMENTATIONS = YES;
				CLANG_WARN_DIRECT_OBJC_ISA_USAGE = YES_ERROR;
				CLANG_WARN_DOCUMENTATION_COMMENTS = YES;
				CLANG_WARN_EMPTY_BODY = YES;
				CLANG_WARN_ENUM_CONVERSION = YES;
				CLANG_WARN_INFINITE_RECURSION = YES;
				CLANG_WARN_INT_CONVERSION = YES;
				CLANG_WARN_NON_LITERAL_NULL_CONVERSION = YES;
				CLANG_WARN_OBJC_IMPLICIT_RETAIN_SELF = YES;
				CLANG_WARN_OBJC_LITERAL_CONVERSION = YES;
				CLANG_WARN_OBJC_ROOT_CLASS = YES_ERROR;
				CLANG_WARN_QUOTED_INCLUDE_IN_FRAMEWORK_HEADER = YES;
				CLANG_WARN_RANGE_LOOP_ANALYSIS = YES;
				CLANG_WARN_STRICT_PROTOTYPES = YES;
				CLANG_WARN_SUSPICIOUS_MOVE = YES;
				CLANG_WARN_UNGUARDED_AVAILABILITY = YES_AGGRESSIVE;
				CLANG_WARN_UNREACHABLE_CODE = YES;
				CLANG_WARN__DUPLICATE_METHOD_MATCH = YES;
				COPY_PHASE_STRIP = NO;
				DEBUG_INFORMATION_FORMAT = "dwarf-with-dsym";
				DEVELOPMENT_TEAM = L65484BGRJ;
				ENABLE_NS_ASSERTIONS = NO;
				ENABLE_STRICT_OBJC_MSGSEND = YES;
				ENABLE_USER_SCRIPT_SANDBOXING = YES;
				GCC_C_LANGUAGE_STANDARD = gnu11;
				GCC_NO_COMMON_BLOCKS = YES;
				GCC_WARN_64_TO_32_BIT_CONVERSION = YES;
				GCC_WARN_ABOUT_RETURN_TYPE = YES_ERROR;
				GCC_WARN_UNDECLARED_SELECTOR = YES;
				GCC_WARN_UNINITIALIZED_AUTOS = YES_AGGRESSIVE;
				GCC_WARN_UNUSED_FUNCTION = YES;
				GCC_WARN_UNUSED_VARIABLE = YES;
				IPHONEOS_DEPLOYMENT_TARGET = 15.6;
				MTL_ENABLE_DEBUG_INFO = NO;
				MTL_FAST_MATH = YES;
				SDKROOT = iphoneos;
				SWIFT_COMPILATION_MODE = wholemodule;
				SWIFT_OPTIMIZATION_LEVEL = "-O";
				VALIDATE_PRODUCT = YES;
			};
			name = Release;
		};
		9DF64AFF2D9D08FF00B1857D /* Debug configuration for PBXNativeTarget "DigiDiary" */ = {
			isa = XCBuildConfiguration;
			buildSettings = {
				ASSETCATALOG_COMPILER_APPICON_NAME = AppIcon;
				ASSETCATALOG_COMPILER_GLOBAL_ACCENT_COLOR_NAME = AccentColor;
				ASSETCATALOG_COMPILER_INCLUDE_ALL_APPICON_ASSETS = NO;
				CODE_SIGN_STYLE = Automatic;
				CURRENT_PROJECT_VERSION = 1;
				GENERATE_INFOPLIST_FILE = YES;
				INFOPLIST_FILE = DigiDiary/Info.plist;
				INFOPLIST_KEY_LSApplicationCategoryType = "public.app-category.lifestyle";
				INFOPLIST_KEY_UIApplicationSupportsIndirectInputEvents = YES;
				INFOPLIST_KEY_UILaunchStoryboardName = LaunchScreen;
				INFOPLIST_KEY_UIMainStoryboardFile = Main;
				INFOPLIST_KEY_UISupportedInterfaceOrientations_iPad = "UIInterfaceOrientationPortrait UIInterfaceOrientationPortraitUpsideDown UIInterfaceOrientationLandscapeLeft UIInterfaceOrientationLandscapeRight";
				INFOPLIST_KEY_UISupportedInterfaceOrientations_iPhone = "UIInterfaceOrientationPortrait UIInterfaceOrientationLandscapeLeft UIInterfaceOrientationLandscapeRight";
				IPHONEOS_DEPLOYMENT_TARGET = 15.6;
				LD_RUNPATH_SEARCH_PATHS = (
					"$(inherited)",
					"@executable_path/Frameworks",
				);
				MARKETING_VERSION = 1.0;
				PRODUCT_BUNDLE_IDENTIFIER = com.DigiDiary;
				PRODUCT_NAME = "$(TARGET_NAME)";
				SWIFT_EMIT_LOC_STRINGS = YES;
				SWIFT_VERSION = 6.0;
				TARGETED_DEVICE_FAMILY = 1;
			};
			name = Debug;
		};
		9DF64B002D9D08FF00B1857D /* Release configuration for PBXNativeTarget "DigiDiary" */ = {
			isa = XCBuildConfiguration;
			buildSettings = {
				ASSETCATALOG_COMPILER_APPICON_NAME = AppIcon;
				ASSETCATALOG_COMPILER_GLOBAL_ACCENT_COLOR_NAME = AccentColor;
				ASSETCATALOG_COMPILER_INCLUDE_ALL_APPICON_ASSETS = NO;
				CODE_SIGN_STYLE = Automatic;
				CURRENT_PROJECT_VERSION = 1;
				GENERATE_INFOPLIST_FILE = YES;
				INFOPLIST_FILE = DigiDiary/Info.plist;
				INFOPLIST_KEY_LSApplicationCategoryType = "public.app-category.lifestyle";
				INFOPLIST_KEY_UIApplicationSupportsIndirectInputEvents = YES;
				INFOPLIST_KEY_UILaunchStoryboardName = LaunchScreen;
				INFOPLIST_KEY_UIMainStoryboardFile = Main;
				INFOPLIST_KEY_UISupportedInterfaceOrientations_iPad = "UIInterfaceOrientationPortrait UIInterfaceOrientationPortraitUpsideDown UIInterfaceOrientationLandscapeLeft UIInterfaceOrientationLandscapeRight";
				INFOPLIST_KEY_UISupportedInterfaceOrientations_iPhone = "UIInterfaceOrientationPortrait UIInterfaceOrientationLandscapeLeft UIInterfaceOrientationLandscapeRight";
				IPHONEOS_DEPLOYMENT_TARGET = 15.6;
				LD_RUNPATH_SEARCH_PATHS = (
					"$(inherited)",
					"@executable_path/Frameworks",
				);
				MARKETING_VERSION = 1.0;
				PRODUCT_BUNDLE_IDENTIFIER = com.DigiDiary;
				PRODUCT_NAME = "$(TARGET_NAME)";
				SWIFT_EMIT_LOC_STRINGS = YES;
				SWIFT_VERSION = 6.0;
				TARGETED_DEVICE_FAMILY = 1;
			};
			name = Release;
		};
/* End XCBuildConfiguration section */

/* Begin XCConfigurationList section */
		9DF64AE52D9D08FB00B1857D /* Build configuration list for PBXProject "DigiDiary" */ = {
			isa = XCConfigurationList;
			buildConfigurations = (
				9DF64AFC2D9D08FF00B1857D /* Debug configuration for PBXProject "DigiDiary" */,
				9DF64AFD2D9D08FF00B1857D /* Release configuration for PBXProject "DigiDiary" */,
			);
			defaultConfigurationName = Release;
		};
		9DF64AFE2D9D08FF00B1857D /* Build configuration list for PBXNativeTarget "DigiDiary" */ = {
			isa = XCConfigurationList;
			buildConfigurations = (
				9DF64AFF2D9D08FF00B1857D /* Debug configuration for PBXNativeTarget "DigiDiary" */,
				9DF64B002D9D08FF00B1857D /* Release configuration for PBXNativeTarget "DigiDiary" */,
			);
			defaultConfigurationName = Release;
		};
/* End XCConfigurationList section */

/* Begin XCLocalSwiftPackageReference section */
		9D6434FA2DD373F900B56580 /* XCLocalSwiftPackageReference "../../Downloads/CreatingACardView/StartingProject/TutorialResources/ThemeKit" */ = {
			isa = XCLocalSwiftPackageReference;
			relativePath = ../../Downloads/CreatingACardView/StartingProject/TutorialResources/ThemeKit;
		};
/* End XCLocalSwiftPackageReference section */

/* Begin XCRemoteSwiftPackageReference section */
		9D5BF70D2DB0996D00FDE345 /* XCRemoteSwiftPackageReference "firebase-ios-sdk" */ = {
			isa = XCRemoteSwiftPackageReference;
			repositoryURL = "https://github.com/firebase/firebase-ios-sdk";
			requirement = {
				kind = upToNextMajorVersion;
				minimumVersion = 11.11.0;
			};
		};
/* End XCRemoteSwiftPackageReference section */

/* Begin XCSwiftPackageProductDependency section */
		9D5BF70E2DB0996D00FDE345 /* FirebaseAppCheck */ = {
			isa = XCSwiftPackageProductDependency;
			package = 9D5BF70D2DB0996D00FDE345 /* XCRemoteSwiftPackageReference "firebase-ios-sdk" */;
			productName = FirebaseAppCheck;
		};
		9D5BF7102DB0996D00FDE345 /* FirebaseAppDistribution-Beta */ = {
			isa = XCSwiftPackageProductDependency;
			package = 9D5BF70D2DB0996D00FDE345 /* XCRemoteSwiftPackageReference "firebase-ios-sdk" */;
			productName = "FirebaseAppDistribution-Beta";
		};
		9D5BF7122DB0996D00FDE345 /* FirebaseAuth */ = {
			isa = XCSwiftPackageProductDependency;
			package = 9D5BF70D2DB0996D00FDE345 /* XCRemoteSwiftPackageReference "firebase-ios-sdk" */;
			productName = FirebaseAuth;
		};
		9D5BF7142DB0996D00FDE345 /* FirebaseAuthCombine-Community */ = {
			isa = XCSwiftPackageProductDependency;
			package = 9D5BF70D2DB0996D00FDE345 /* XCRemoteSwiftPackageReference "firebase-ios-sdk" */;
			productName = "FirebaseAuthCombine-Community";
		};
		9D5BF7162DB0996D00FDE345 /* FirebaseCore */ = {
			isa = XCSwiftPackageProductDependency;
			package = 9D5BF70D2DB0996D00FDE345 /* XCRemoteSwiftPackageReference "firebase-ios-sdk" */;
			productName = FirebaseCore;
		};
		9D5BF7182DB0996D00FDE345 /* FirebaseDatabase */ = {
			isa = XCSwiftPackageProductDependency;
			package = 9D5BF70D2DB0996D00FDE345 /* XCRemoteSwiftPackageReference "firebase-ios-sdk" */;
			productName = FirebaseDatabase;
		};
		9D5BF71A2DB0996D00FDE345 /* FirebaseFirestore */ = {
			isa = XCSwiftPackageProductDependency;
			package = 9D5BF70D2DB0996D00FDE345 /* XCRemoteSwiftPackageReference "firebase-ios-sdk" */;
			productName = FirebaseFirestore;
		};
		9D5BF71C2DB0996D00FDE345 /* FirebaseFirestoreCombine-Community */ = {
			isa = XCSwiftPackageProductDependency;
			package = 9D5BF70D2DB0996D00FDE345 /* XCRemoteSwiftPackageReference "firebase-ios-sdk" */;
			productName = "FirebaseFirestoreCombine-Community";
		};
		9D5BF71E2DB0996D00FDE345 /* FirebaseStorage */ = {
			isa = XCSwiftPackageProductDependency;
			package = 9D5BF70D2DB0996D00FDE345 /* XCRemoteSwiftPackageReference "firebase-ios-sdk" */;
			productName = FirebaseStorage;
		};
		9D5BF7202DB0996D00FDE345 /* FirebaseStorageCombine-Community */ = {
			isa = XCSwiftPackageProductDependency;
			package = 9D5BF70D2DB0996D00FDE345 /* XCRemoteSwiftPackageReference "firebase-ios-sdk" */;
			productName = "FirebaseStorageCombine-Community";
		};
		9D6434FB2DD373F900B56580 /* ThemeKit */ = {
			isa = XCSwiftPackageProductDependency;
			productName = ThemeKit;
		};
		9D77CEE02DC516D400F2B74F /* ThemeKit */ = {
			isa = XCSwiftPackageProductDependency;
			package = 9D5BF70D2DB0996D00FDE345 /* XCRemoteSwiftPackageReference "firebase-ios-sdk" */;
			productName = ThemeKit;
		};
/* End XCSwiftPackageProductDependency section */
	};
	rootObject = 9DF64AE22D9D08FB00B1857D /* Project object */;
}
